// !$*UTF8*$!
{
	archiveVersion = 1;
	classes = {
	};
	objectVersion = 48;
	objects = {

/* Begin PBXBuildFile section */
		063D1E341FEF33FF001A6DC4 /* AppDelegate.swift in Sources */ = {isa = PBXBuildFile; fileRef = 063D1E331FEF33FF001A6DC4 /* AppDelegate.swift */; };
		063D1E361FEF33FF001A6DC4 /* ChatSetupViewController.swift in Sources */ = {isa = PBXBuildFile; fileRef = 063D1E351FEF33FF001A6DC4 /* ChatSetupViewController.swift */; };
		063D1E391FEF33FF001A6DC4 /* Main.storyboard in Resources */ = {isa = PBXBuildFile; fileRef = 063D1E371FEF33FF001A6DC4 /* Main.storyboard */; };
		063D1E3B1FEF33FF001A6DC4 /* Assets.xcassets in Resources */ = {isa = PBXBuildFile; fileRef = 063D1E3A1FEF33FF001A6DC4 /* Assets.xcassets */; };
		063D1E3E1FEF33FF001A6DC4 /* LaunchScreen.storyboard in Resources */ = {isa = PBXBuildFile; fileRef = 063D1E3C1FEF33FF001A6DC4 /* LaunchScreen.storyboard */; };
		063D1E491FEF33FF001A6DC4 /* oShareTests.swift in Sources */ = {isa = PBXBuildFile; fileRef = 063D1E481FEF33FF001A6DC4 /* oShareTests.swift */; };
		063D1E551FEF3462001A6DC4 /* MultipeerConnectivity.framework in Frameworks */ = {isa = PBXBuildFile; fileRef = 063D1E541FEF3462001A6DC4 /* MultipeerConnectivity.framework */; };
		063D1E571FEF34A9001A6DC4 /* MultipeerConnectivityManager.swift in Sources */ = {isa = PBXBuildFile; fileRef = 063D1E561FEF34A9001A6DC4 /* MultipeerConnectivityManager.swift */; };
		063D1E591FEF3C43001A6DC4 /* MultipeerConnectivityError.swift in Sources */ = {isa = PBXBuildFile; fileRef = 063D1E581FEF3C43001A6DC4 /* MultipeerConnectivityError.swift */; };
		063D1E5B1FEF3CCC001A6DC4 /* Constants.swift in Sources */ = {isa = PBXBuildFile; fileRef = 063D1E5A1FEF3CCC001A6DC4 /* Constants.swift */; };
		063D1E5D1FEF3E0D001A6DC4 /* MultipeerConnectivityManagerDelegate.swift in Sources */ = {isa = PBXBuildFile; fileRef = 063D1E5C1FEF3E0D001A6DC4 /* MultipeerConnectivityManagerDelegate.swift */; };
		063D1E611FEF6FC4001A6DC4 /* PeerBrowserViewController.swift in Sources */ = {isa = PBXBuildFile; fileRef = 063D1E601FEF6FC4001A6DC4 /* PeerBrowserViewController.swift */; };
		063D1E631FF10F24001A6DC4 /* SheetAnimator.swift in Sources */ = {isa = PBXBuildFile; fileRef = 063D1E621FF10F24001A6DC4 /* SheetAnimator.swift */; };
		063D1E651FF11ED7001A6DC4 /* CharacterCounterTextField.swift in Sources */ = {isa = PBXBuildFile; fileRef = 063D1E641FF11ED7001A6DC4 /* CharacterCounterTextField.swift */; };
/* End PBXBuildFile section */

/* Begin PBXContainerItemProxy section */
		063D1E451FEF33FF001A6DC4 /* PBXContainerItemProxy */ = {
			isa = PBXContainerItemProxy;
			containerPortal = 063D1E281FEF33FF001A6DC4 /* Project object */;
			proxyType = 1;
			remoteGlobalIDString = 063D1E2F1FEF33FF001A6DC4;
			remoteInfo = oShare;
		};
/* End PBXContainerItemProxy section */

/* Begin PBXFileReference section */
		063D1E301FEF33FF001A6DC4 /* oShare.app */ = {isa = PBXFileReference; explicitFileType = wrapper.application; includeInIndex = 0; path = oShare.app; sourceTree = BUILT_PRODUCTS_DIR; };
		063D1E331FEF33FF001A6DC4 /* AppDelegate.swift */ = {isa = PBXFileReference; lastKnownFileType = sourcecode.swift; path = AppDelegate.swift; sourceTree = "<group>"; };
		063D1E351FEF33FF001A6DC4 /* ChatSetupViewController.swift */ = {isa = PBXFileReference; lastKnownFileType = sourcecode.swift; path = ChatSetupViewController.swift; sourceTree = "<group>"; };
		063D1E381FEF33FF001A6DC4 /* Base */ = {isa = PBXFileReference; lastKnownFileType = file.storyboard; name = Base; path = Base.lproj/Main.storyboard; sourceTree = "<group>"; };
		063D1E3A1FEF33FF001A6DC4 /* Assets.xcassets */ = {isa = PBXFileReference; lastKnownFileType = folder.assetcatalog; path = Assets.xcassets; sourceTree = "<group>"; };
		063D1E3D1FEF33FF001A6DC4 /* Base */ = {isa = PBXFileReference; lastKnownFileType = file.storyboard; name = Base; path = Base.lproj/LaunchScreen.storyboard; sourceTree = "<group>"; };
		063D1E3F1FEF33FF001A6DC4 /* Info.plist */ = {isa = PBXFileReference; lastKnownFileType = text.plist.xml; path = Info.plist; sourceTree = "<group>"; };
		063D1E441FEF33FF001A6DC4 /* oShareTests.xctest */ = {isa = PBXFileReference; explicitFileType = wrapper.cfbundle; includeInIndex = 0; path = oShareTests.xctest; sourceTree = BUILT_PRODUCTS_DIR; };
		063D1E481FEF33FF001A6DC4 /* oShareTests.swift */ = {isa = PBXFileReference; lastKnownFileType = sourcecode.swift; path = oShareTests.swift; sourceTree = "<group>"; };
		063D1E4A1FEF33FF001A6DC4 /* Info.plist */ = {isa = PBXFileReference; lastKnownFileType = text.plist.xml; path = Info.plist; sourceTree = "<group>"; };
		063D1E541FEF3462001A6DC4 /* MultipeerConnectivity.framework */ = {isa = PBXFileReference; lastKnownFileType = wrapper.framework; name = MultipeerConnectivity.framework; path = System/Library/Frameworks/MultipeerConnectivity.framework; sourceTree = SDKROOT; };
		063D1E561FEF34A9001A6DC4 /* MultipeerConnectivityManager.swift */ = {isa = PBXFileReference; lastKnownFileType = sourcecode.swift; path = MultipeerConnectivityManager.swift; sourceTree = "<group>"; };
		063D1E581FEF3C43001A6DC4 /* MultipeerConnectivityError.swift */ = {isa = PBXFileReference; lastKnownFileType = sourcecode.swift; path = MultipeerConnectivityError.swift; sourceTree = "<group>"; };
		063D1E5A1FEF3CCC001A6DC4 /* Constants.swift */ = {isa = PBXFileReference; lastKnownFileType = sourcecode.swift; path = Constants.swift; sourceTree = "<group>"; };
		063D1E5C1FEF3E0D001A6DC4 /* MultipeerConnectivityManagerDelegate.swift */ = {isa = PBXFileReference; lastKnownFileType = sourcecode.swift; path = MultipeerConnectivityManagerDelegate.swift; sourceTree = "<group>"; };
		063D1E601FEF6FC4001A6DC4 /* PeerBrowserViewController.swift */ = {isa = PBXFileReference; lastKnownFileType = sourcecode.swift; path = PeerBrowserViewController.swift; sourceTree = "<group>"; };
		063D1E621FF10F24001A6DC4 /* SheetAnimator.swift */ = {isa = PBXFileReference; lastKnownFileType = sourcecode.swift; path = SheetAnimator.swift; sourceTree = "<group>"; };
		063D1E641FF11ED7001A6DC4 /* CharacterCounterTextField.swift */ = {isa = PBXFileReference; lastKnownFileType = sourcecode.swift; path = CharacterCounterTextField.swift; sourceTree = "<group>"; };
/* End PBXFileReference section */

/* Begin PBXFrameworksBuildPhase section */
		063D1E2D1FEF33FF001A6DC4 /* Frameworks */ = {
			isa = PBXFrameworksBuildPhase;
			buildActionMask = 2147483647;
			files = (
				063D1E551FEF3462001A6DC4 /* MultipeerConnectivity.framework in Frameworks */,
			);
			runOnlyForDeploymentPostprocessing = 0;
		};
		063D1E411FEF33FF001A6DC4 /* Frameworks */ = {
			isa = PBXFrameworksBuildPhase;
			buildActionMask = 2147483647;
			files = (
			);
			runOnlyForDeploymentPostprocessing = 0;
		};
/* End PBXFrameworksBuildPhase section */

/* Begin PBXGroup section */
		063D1E271FEF33FF001A6DC4 = {
			isa = PBXGroup;
			children = (
				063D1E321FEF33FF001A6DC4 /* oShare */,
				063D1E471FEF33FF001A6DC4 /* oShareTests */,
				063D1E311FEF33FF001A6DC4 /* Products */,
				063D1E531FEF3462001A6DC4 /* Frameworks */,
			);
			sourceTree = "<group>";
		};
		063D1E311FEF33FF001A6DC4 /* Products */ = {
			isa = PBXGroup;
			children = (
				063D1E301FEF33FF001A6DC4 /* oShare.app */,
				063D1E441FEF33FF001A6DC4 /* oShareTests.xctest */,
			);
			name = Products;
			sourceTree = "<group>";
		};
		063D1E321FEF33FF001A6DC4 /* oShare */ = {
			isa = PBXGroup;
			children = (
				063D1E331FEF33FF001A6DC4 /* AppDelegate.swift */,
				063D1E641FF11ED7001A6DC4 /* CharacterCounterTextField.swift */,
				063D1E351FEF33FF001A6DC4 /* ChatSetupViewController.swift */,
				063D1E601FEF6FC4001A6DC4 /* PeerBrowserViewController.swift */,
				063D1E371FEF33FF001A6DC4 /* Main.storyboard */,
				063D1E3A1FEF33FF001A6DC4 /* Assets.xcassets */,
				063D1E3C1FEF33FF001A6DC4 /* LaunchScreen.storyboard */,
				063D1E3F1FEF33FF001A6DC4 /* Info.plist */,
				063D1E561FEF34A9001A6DC4 /* MultipeerConnectivityManager.swift */,
				063D1E5C1FEF3E0D001A6DC4 /* MultipeerConnectivityManagerDelegate.swift */,
				063D1E581FEF3C43001A6DC4 /* MultipeerConnectivityError.swift */,
				063D1E5A1FEF3CCC001A6DC4 /* Constants.swift */,
				063D1E621FF10F24001A6DC4 /* SheetAnimator.swift */,
			);
			path = oShare;
			sourceTree = "<group>";
		};
		063D1E471FEF33FF001A6DC4 /* oShareTests */ = {
			isa = PBXGroup;
			children = (
				063D1E481FEF33FF001A6DC4 /* oShareTests.swift */,
				063D1E4A1FEF33FF001A6DC4 /* Info.plist */,
			);
			path = oShareTests;
			sourceTree = "<group>";
		};
		063D1E531FEF3462001A6DC4 /* Frameworks */ = {
			isa = PBXGroup;
			children = (
				063D1E541FEF3462001A6DC4 /* MultipeerConnectivity.framework */,
			);
			name = Frameworks;
			sourceTree = "<group>";
		};
/* End PBXGroup section */

/* Begin PBXNativeTarget section */
		063D1E2F1FEF33FF001A6DC4 /* oShare */ = {
			isa = PBXNativeTarget;
			buildConfigurationList = 063D1E4D1FEF33FF001A6DC4 /* Build configuration list for PBXNativeTarget "oShare" */;
			buildPhases = (
				063D1E2C1FEF33FF001A6DC4 /* Sources */,
				063D1E2D1FEF33FF001A6DC4 /* Frameworks */,
				063D1E2E1FEF33FF001A6DC4 /* Resources */,
			);
			buildRules = (
			);
			dependencies = (
			);
			name = oShare;
			productName = oShare;
			productReference = 063D1E301FEF33FF001A6DC4 /* oShare.app */;
			productType = "com.apple.product-type.application";
		};
		063D1E431FEF33FF001A6DC4 /* oShareTests */ = {
			isa = PBXNativeTarget;
			buildConfigurationList = 063D1E501FEF33FF001A6DC4 /* Build configuration list for PBXNativeTarget "oShareTests" */;
			buildPhases = (
				063D1E401FEF33FF001A6DC4 /* Sources */,
				063D1E411FEF33FF001A6DC4 /* Frameworks */,
				063D1E421FEF33FF001A6DC4 /* Resources */,
			);
			buildRules = (
			);
			dependencies = (
				063D1E461FEF33FF001A6DC4 /* PBXTargetDependency */,
			);
			name = oShareTests;
			productName = oShareTests;
			productReference = 063D1E441FEF33FF001A6DC4 /* oShareTests.xctest */;
			productType = "com.apple.product-type.bundle.unit-test";
		};
/* End PBXNativeTarget section */

/* Begin PBXProject section */
		063D1E281FEF33FF001A6DC4 /* Project object */ = {
			isa = PBXProject;
			attributes = {
				LastSwiftUpdateCheck = 0900;
				LastUpgradeCheck = 0900;
				ORGANIZATIONNAME = MIMIMI;
				TargetAttributes = {
					063D1E2F1FEF33FF001A6DC4 = {
						CreatedOnToolsVersion = 9.0;
						ProvisioningStyle = Automatic;
					};
					063D1E431FEF33FF001A6DC4 = {
						CreatedOnToolsVersion = 9.0;
						ProvisioningStyle = Automatic;
						TestTargetID = 063D1E2F1FEF33FF001A6DC4;
					};
				};
			};
			buildConfigurationList = 063D1E2B1FEF33FF001A6DC4 /* Build configuration list for PBXProject "oShare" */;
			compatibilityVersion = "Xcode 8.0";
			developmentRegion = en;
			hasScannedForEncodings = 0;
			knownRegions = (
				en,
				Base,
			);
			mainGroup = 063D1E271FEF33FF001A6DC4;
			productRefGroup = 063D1E311FEF33FF001A6DC4 /* Products */;
			projectDirPath = "";
			projectRoot = "";
			targets = (
				063D1E2F1FEF33FF001A6DC4 /* oShare */,
				063D1E431FEF33FF001A6DC4 /* oShareTests */,
			);
		};
/* End PBXProject section */

/* Begin PBXResourcesBuildPhase section */
		063D1E2E1FEF33FF001A6DC4 /* Resources */ = {
			isa = PBXResourcesBuildPhase;
			buildActionMask = 2147483647;
			files = (
				063D1E3E1FEF33FF001A6DC4 /* LaunchScreen.storyboard in Resources */,
				063D1E3B1FEF33FF001A6DC4 /* Assets.xcassets in Resources */,
				063D1E391FEF33FF001A6DC4 /* Main.storyboard in Resources */,
			);
			runOnlyForDeploymentPostprocessing = 0;
		};
		063D1E421FEF33FF001A6DC4 /* Resources */ = {
			isa = PBXResourcesBuildPhase;
			buildActionMask = 2147483647;
			files = (
			);
			runOnlyForDeploymentPostprocessing = 0;
		};
/* End PBXResourcesBuildPhase section */

/* Begin PBXSourcesBuildPhase section */
		063D1E2C1FEF33FF001A6DC4 /* Sources */ = {
			isa = PBXSourcesBuildPhase;
			buildActionMask = 2147483647;
			files = (
				063D1E651FF11ED7001A6DC4 /* CharacterCounterTextField.swift in Sources */,
				063D1E611FEF6FC4001A6DC4 /* PeerBrowserViewController.swift in Sources */,
				063D1E5B1FEF3CCC001A6DC4 /* Constants.swift in Sources */,
				063D1E361FEF33FF001A6DC4 /* ChatSetupViewController.swift in Sources */,
				063D1E341FEF33FF001A6DC4 /* AppDelegate.swift in Sources */,
				063D1E5D1FEF3E0D001A6DC4 /* MultipeerConnectivityManagerDelegate.swift in Sources */,
				063D1E591FEF3C43001A6DC4 /* MultipeerConnectivityError.swift in Sources */,
				063D1E631FF10F24001A6DC4 /* SheetAnimator.swift in Sources */,
				063D1E571FEF34A9001A6DC4 /* MultipeerConnectivityManager.swift in Sources */,
			);
			runOnlyForDeploymentPostprocessing = 0;
		};
		063D1E401FEF33FF001A6DC4 /* Sources */ = {
			isa = PBXSourcesBuildPhase;
			buildActionMask = 2147483647;
			files = (
				063D1E491FEF33FF001A6DC4 /* oShareTests.swift in Sources */,
			);
			runOnlyForDeploymentPostprocessing = 0;
		};
/* End PBXSourcesBuildPhase section */

/* Begin PBXTargetDependency section */
		063D1E461FEF33FF001A6DC4 /* PBXTargetDependency */ = {
			isa = PBXTargetDependency;
			target = 063D1E2F1FEF33FF001A6DC4 /* oShare */;
			targetProxy = 063D1E451FEF33FF001A6DC4 /* PBXContainerItemProxy */;
		};
/* End PBXTargetDependency section */

/* Begin PBXVariantGroup section */
		063D1E371FEF33FF001A6DC4 /* Main.storyboard */ = {
			isa = PBXVariantGroup;
			children = (
				063D1E381FEF33FF001A6DC4 /* Base */,
			);
			name = Main.storyboard;
			sourceTree = "<group>";
		};
		063D1E3C1FEF33FF001A6DC4 /* LaunchScreen.storyboard */ = {
			isa = PBXVariantGroup;
			children = (
				063D1E3D1FEF33FF001A6DC4 /* Base */,
			);
			name = LaunchScreen.storyboard;
			sourceTree = "<group>";
		};
/* End PBXVariantGroup section */

/* Begin XCBuildConfiguration section */
		063D1E4B1FEF33FF001A6DC4 /* Debug */ = {
			isa = XCBuildConfiguration;
			buildSettings = {
				ALWAYS_SEARCH_USER_PATHS = NO;
				CLANG_ANALYZER_NONNULL = YES;
				CLANG_ANALYZER_NUMBER_OBJECT_CONVERSION = YES_AGGRESSIVE;
				CLANG_CXX_LANGUAGE_STANDARD = "gnu++14";
				CLANG_CXX_LIBRARY = "libc++";
				CLANG_ENABLE_MODULES = YES;
				CLANG_ENABLE_OBJC_ARC = YES;
				CLANG_WARN_BLOCK_CAPTURE_AUTORELEASING = YES;
				CLANG_WARN_BOOL_CONVERSION = YES;
				CLANG_WARN_COMMA = YES;
				CLANG_WARN_CONSTANT_CONVERSION = YES;
				CLANG_WARN_DIRECT_OBJC_ISA_USAGE = YES_ERROR;
				CLANG_WARN_DOCUMENTATION_COMMENTS = YES;
				CLANG_WARN_EMPTY_BODY = YES;
				CLANG_WARN_ENUM_CONVERSION = YES;
				CLANG_WARN_INFINITE_RECURSION = YES;
				CLANG_WARN_INT_CONVERSION = YES;
				CLANG_WARN_NON_LITERAL_NULL_CONVERSION = YES;
				CLANG_WARN_OBJC_LITERAL_CONVERSION = YES;
				CLANG_WARN_OBJC_ROOT_CLASS = YES_ERROR;
				CLANG_WARN_RANGE_LOOP_ANALYSIS = YES;
				CLANG_WARN_STRICT_PROTOTYPES = YES;
				CLANG_WARN_SUSPICIOUS_MOVE = YES;
				CLANG_WARN_UNGUARDED_AVAILABILITY = YES_AGGRESSIVE;
				CLANG_WARN_UNREACHABLE_CODE = YES;
				CLANG_WARN__DUPLICATE_METHOD_MATCH = YES;
				CODE_SIGN_IDENTITY = "iPhone Developer";
				COPY_PHASE_STRIP = NO;
				DEBUG_INFORMATION_FORMAT = dwarf;
				ENABLE_STRICT_OBJC_MSGSEND = YES;
				ENABLE_TESTABILITY = YES;
				GCC_C_LANGUAGE_STANDARD = gnu11;
				GCC_DYNAMIC_NO_PIC = NO;
				GCC_NO_COMMON_BLOCKS = YES;
				GCC_OPTIMIZATION_LEVEL = 0;
				GCC_PREPROCESSOR_DEFINITIONS = (
					"DEBUG=1",
					"$(inherited)",
				);
				GCC_WARN_64_TO_32_BIT_CONVERSION = YES;
				GCC_WARN_ABOUT_RETURN_TYPE = YES_ERROR;
				GCC_WARN_UNDECLARED_SELECTOR = YES;
				GCC_WARN_UNINITIALIZED_AUTOS = YES_AGGRESSIVE;
				GCC_WARN_UNUSED_FUNCTION = YES;
				GCC_WARN_UNUSED_VARIABLE = YES;
				IPHONEOS_DEPLOYMENT_TARGET = 11.0;
				MTL_ENABLE_DEBUG_INFO = YES;
				ONLY_ACTIVE_ARCH = YES;
				SDKROOT = iphoneos;
				SWIFT_ACTIVE_COMPILATION_CONDITIONS = DEBUG;
				SWIFT_OPTIMIZATION_LEVEL = "-Onone";
			};
			name = Debug;
		};
		063D1E4C1FEF33FF001A6DC4 /* Release */ = {
			isa = XCBuildConfiguration;
			buildSettings = {
				ALWAYS_SEARCH_USER_PATHS = NO;
				CLANG_ANALYZER_NONNULL = YES;
				CLANG_ANALYZER_NUMBER_OBJECT_CONVERSION = YES_AGGRESSIVE;
				CLANG_CXX_LANGUAGE_STANDARD = "gnu++14";
				CLANG_CXX_LIBRARY = "libc++";
				CLANG_ENABLE_MODULES = YES;
				CLANG_ENABLE_OBJC_ARC = YES;
				CLANG_WARN_BLOCK_CAPTURE_AUTORELEASING = YES;
				CLANG_WARN_BOOL_CONVERSION = YES;
				CLANG_WARN_COMMA = YES;
				CLANG_WARN_CONSTANT_CONVERSION = YES;
				CLANG_WARN_DIRECT_OBJC_ISA_USAGE = YES_ERROR;
				CLANG_WARN_DOCUMENTATION_COMMENTS = YES;
				CLANG_WARN_EMPTY_BODY = YES;
				CLANG_WARN_ENUM_CONVERSION = YES;
				CLANG_WARN_INFINITE_RECURSION = YES;
				CLANG_WARN_INT_CONVERSION = YES;
				CLANG_WARN_NON_LITERAL_NULL_CONVERSION = YES;
				CLANG_WARN_OBJC_LITERAL_CONVERSION = YES;
				CLANG_WARN_OBJC_ROOT_CLASS = YES_ERROR;
				CLANG_WARN_RANGE_LOOP_ANALYSIS = YES;
				CLANG_WARN_STRICT_PROTOTYPES = YES;
				CLANG_WARN_SUSPICIOUS_MOVE = YES;
				CLANG_WARN_UNGUARDED_AVAILABILITY = YES_AGGRESSIVE;
				CLANG_WARN_UNREACHABLE_CODE = YES;
				CLANG_WARN__DUPLICATE_METHOD_MATCH = YES;
				CODE_SIGN_IDENTITY = "iPhone Developer";
				COPY_PHASE_STRIP = NO;
				DEBUG_INFORMATION_FORMAT = "dwarf-with-dsym";
				ENABLE_NS_ASSERTIONS = NO;
				ENABLE_STRICT_OBJC_MSGSEND = YES;
				GCC_C_LANGUAGE_STANDARD = gnu11;
				GCC_NO_COMMON_BLOCKS = YES;
				GCC_WARN_64_TO_32_BIT_CONVERSION = YES;
				GCC_WARN_ABOUT_RETURN_TYPE = YES_ERROR;
				GCC_WARN_UNDECLARED_SELECTOR = YES;
				GCC_WARN_UNINITIALIZED_AUTOS = YES_AGGRESSIVE;
				GCC_WARN_UNUSED_FUNCTION = YES;
				GCC_WARN_UNUSED_VARIABLE = YES;
				IPHONEOS_DEPLOYMENT_TARGET = 11.0;
				MTL_ENABLE_DEBUG_INFO = NO;
				SDKROOT = iphoneos;
				SWIFT_OPTIMIZATION_LEVEL = "-Owholemodule";
				VALIDATE_PRODUCT = YES;
			};
			name = Release;
		};
		063D1E4E1FEF33FF001A6DC4 /* Debug */ = {
			isa = XCBuildConfiguration;
			buildSettings = {
				ASSETCATALOG_COMPILER_APPICON_NAME = AppIcon;
				CODE_SIGN_STYLE = Automatic;
				DEVELOPMENT_TEAM = EPUH4VBJNY;
				INFOPLIST_FILE = oShare/Info.plist;
				LD_RUNPATH_SEARCH_PATHS = "$(inherited) @executable_path/Frameworks";
				PRODUCT_BUNDLE_IDENTIFIER = com.cocotutch.oShare;
				PRODUCT_NAME = "$(TARGET_NAME)";
				SWIFT_VERSION = 4.0;
				TARGETED_DEVICE_FAMILY = "1,2";
			};
			name = Debug;
		};
		063D1E4F1FEF33FF001A6DC4 /* Release */ = {
			isa = XCBuildConfiguration;
			buildSettings = {
				ASSETCATALOG_COMPILER_APPICON_NAME = AppIcon;
				CODE_SIGN_STYLE = Automatic;
				DEVELOPMENT_TEAM = EPUH4VBJNY;
				INFOPLIST_FILE = oShare/Info.plist;
				LD_RUNPATH_SEARCH_PATHS = "$(inherited) @executable_path/Frameworks";
				PRODUCT_BUNDLE_IDENTIFIER = com.cocotutch.oShare;
				PRODUCT_NAME = "$(TARGET_NAME)";
				SWIFT_VERSION = 4.0;
				TARGETED_DEVICE_FAMILY = "1,2";
			};
			name = Release;
		};
		063D1E511FEF33FF001A6DC4 /* Debug */ = {
			isa = XCBuildConfiguration;
			buildSettings = {
				ALWAYS_EMBED_SWIFT_STANDARD_LIBRARIES = YES;
				BUNDLE_LOADER = "$(TEST_HOST)";
				CODE_SIGN_STYLE = Automatic;
				DEVELOPMENT_TEAM = EPUH4VBJNY;
				INFOPLIST_FILE = oShareTests/Info.plist;
				LD_RUNPATH_SEARCH_PATHS = "$(inherited) @executable_path/Frameworks @loader_path/Frameworks";
				PRODUCT_BUNDLE_IDENTIFIER = com.cocotutch.oShareTests;
				PRODUCT_NAME = "$(TARGET_NAME)";
				SWIFT_VERSION = 4.0;
				TARGETED_DEVICE_FAMILY = "1,2";
				TEST_HOST = "$(BUILT_PRODUCTS_DIR)/oShare.app/oShare";
			};
			name = Debug;
		};
		063D1E521FEF33FF001A6DC4 /* Release */ = {
			isa = XCBuildConfiguration;
			buildSettings = {
				ALWAYS_EMBED_SWIFT_STANDARD_LIBRARIES = YES;
				BUNDLE_LOADER = "$(TEST_HOST)";
				CODE_SIGN_STYLE = Automatic;
				DEVELOPMENT_TEAM = EPUH4VBJNY;
				INFOPLIST_FILE = oShareTests/Info.plist;
				LD_RUNPATH_SEARCH_PATHS = "$(inherited) @executable_path/Frameworks @loader_path/Frameworks";
				PRODUCT_BUNDLE_IDENTIFIER = com.cocotutch.oShareTests;
				PRODUCT_NAME = "$(TARGET_NAME)";
				SWIFT_VERSION = 4.0;
				TARGETED_DEVICE_FAMILY = "1,2";
				TEST_HOST = "$(BUILT_PRODUCTS_DIR)/oShare.app/oShare";
			};
			name = Release;
		};
/* End XCBuildConfiguration section */

/* Begin XCConfigurationList section */
		063D1E2B1FEF33FF001A6DC4 /* Build configuration list for PBXProject "oShare" */ = {
			isa = XCConfigurationList;
			buildConfigurations = (
				063D1E4B1FEF33FF001A6DC4 /* Debug */,
				063D1E4C1FEF33FF001A6DC4 /* Release */,
			);
			defaultConfigurationIsVisible = 0;
			defaultConfigurationName = Release;
		};
		063D1E4D1FEF33FF001A6DC4 /* Build configuration list for PBXNativeTarget "oShare" */ = {
			isa = XCConfigurationList;
			buildConfigurations = (
				063D1E4E1FEF33FF001A6DC4 /* Debug */,
				063D1E4F1FEF33FF001A6DC4 /* Release */,
			);
			defaultConfigurationIsVisible = 0;
			defaultConfigurationName = Release;
		};
		063D1E501FEF33FF001A6DC4 /* Build configuration list for PBXNativeTarget "oShareTests" */ = {
			isa = XCConfigurationList;
			buildConfigurations = (
				063D1E511FEF33FF001A6DC4 /* Debug */,
				063D1E521FEF33FF001A6DC4 /* Release */,
			);
			defaultConfigurationIsVisible = 0;
			defaultConfigurationName = Release;
		};
/* End XCConfigurationList section */
	};
	rootObject = 063D1E281FEF33FF001A6DC4 /* Project object */;
}
